// !$*UTF8*$!
{
	archiveVersion = 1;
	classes = {
	};
	objectVersion = 51;
	objects = {

/* Begin PBXBuildFile section */
		18940970151A96D093F6C80A /* Pods_Test_4_4.framework in Frameworks */ = {isa = PBXBuildFile; fileRef = 1A2CD60942B2BDDF490128BB /* Pods_Test_4_4.framework */; };
		86FA867B23164ACF00C237B0 /* AppDelegate.swift in Sources */ = {isa = PBXBuildFile; fileRef = 86FA867A23164ACF00C237B0 /* AppDelegate.swift */; };
		86FA867D23164ACF00C237B0 /* ViewController.swift in Sources */ = {isa = PBXBuildFile; fileRef = 86FA867C23164ACF00C237B0 /* ViewController.swift */; };
		86FA868023164ACF00C237B0 /* Main.storyboard in Resources */ = {isa = PBXBuildFile; fileRef = 86FA867E23164ACF00C237B0 /* Main.storyboard */; };
		86FA868223164ACF00C237B0 /* Assets.xcassets in Resources */ = {isa = PBXBuildFile; fileRef = 86FA868123164ACF00C237B0 /* Assets.xcassets */; };
		86FA868523164ACF00C237B0 /* LaunchScreen.storyboard in Resources */ = {isa = PBXBuildFile; fileRef = 86FA868323164ACF00C237B0 /* LaunchScreen.storyboard */; };
		86FA869023164AD000C237B0 /* Test_4_4Tests.swift in Sources */ = {isa = PBXBuildFile; fileRef = 86FA868F23164AD000C237B0 /* Test_4_4Tests.swift */; };
		86FA869B23164AD000C237B0 /* Test_4_4UITests.swift in Sources */ = {isa = PBXBuildFile; fileRef = 86FA869A23164AD000C237B0 /* Test_4_4UITests.swift */; };
		86FA86AA23164B1500C237B0 /* TopViewController.swift in Sources */ = {isa = PBXBuildFile; fileRef = 86FA86A823164B1500C237B0 /* TopViewController.swift */; };
		86FA86AB23164B1500C237B0 /* TopViewController.xib in Resources */ = {isa = PBXBuildFile; fileRef = 86FA86A923164B1500C237B0 /* TopViewController.xib */; };
		86FA86AE23164B3000C237B0 /* TopMainView.swift in Sources */ = {isa = PBXBuildFile; fileRef = 86FA86AC23164B3000C237B0 /* TopMainView.swift */; };
		86FA86AF23164B3000C237B0 /* TopMainView.xib in Resources */ = {isa = PBXBuildFile; fileRef = 86FA86AD23164B3000C237B0 /* TopMainView.xib */; };
		86FA86B223164B7D00C237B0 /* TopMainTableViewCell.swift in Sources */ = {isa = PBXBuildFile; fileRef = 86FA86B023164B7D00C237B0 /* TopMainTableViewCell.swift */; };
		86FA86B323164B7D00C237B0 /* TopMainTableViewCell.xib in Resources */ = {isa = PBXBuildFile; fileRef = 86FA86B123164B7D00C237B0 /* TopMainTableViewCell.xib */; };
		C754F08DCF912A24D810190F /* Pods_Test_4_4Tests.framework in Frameworks */ = {isa = PBXBuildFile; fileRef = A7BF2A066FB5B0481D3AB5EC /* Pods_Test_4_4Tests.framework */; };
		F3F9155D2E9CE5C69FD83F44 /* Pods_Test_4_4UITests.framework in Frameworks */ = {isa = PBXBuildFile; fileRef = 76AC0F8BE2C0B22ECD8EE8D2 /* Pods_Test_4_4UITests.framework */; };
/* End PBXBuildFile section */

/* Begin PBXContainerItemProxy section */
		86FA868C23164ACF00C237B0 /* PBXContainerItemProxy */ = {
			isa = PBXContainerItemProxy;
			containerPortal = 86FA866F23164ACF00C237B0 /* Project object */;
			proxyType = 1;
			remoteGlobalIDString = 86FA867623164ACF00C237B0;
			remoteInfo = "Test-4-4";
		};
		86FA869723164AD000C237B0 /* PBXContainerItemProxy */ = {
			isa = PBXContainerItemProxy;
			containerPortal = 86FA866F23164ACF00C237B0 /* Project object */;
			proxyType = 1;
			remoteGlobalIDString = 86FA867623164ACF00C237B0;
			remoteInfo = "Test-4-4";
		};
/* End PBXContainerItemProxy section */

/* Begin PBXFileReference section */
		1A2CD60942B2BDDF490128BB /* Pods_Test_4_4.framework */ = {isa = PBXFileReference; explicitFileType = wrapper.framework; includeInIndex = 0; path = Pods_Test_4_4.framework; sourceTree = BUILT_PRODUCTS_DIR; };
		373515063D3990DF7EC8B0F3 /* Pods-Test-4-4.release.xcconfig */ = {isa = PBXFileReference; includeInIndex = 1; lastKnownFileType = text.xcconfig; name = "Pods-Test-4-4.release.xcconfig"; path = "Target Support Files/Pods-Test-4-4/Pods-Test-4-4.release.xcconfig"; sourceTree = "<group>"; };
		62FD2A6F8AF8998D9CDC7246 /* Pods-Test-4-4Tests.debug.xcconfig */ = {isa = PBXFileReference; includeInIndex = 1; lastKnownFileType = text.xcconfig; name = "Pods-Test-4-4Tests.debug.xcconfig"; path = "Target Support Files/Pods-Test-4-4Tests/Pods-Test-4-4Tests.debug.xcconfig"; sourceTree = "<group>"; };
		76AC0F8BE2C0B22ECD8EE8D2 /* Pods_Test_4_4UITests.framework */ = {isa = PBXFileReference; explicitFileType = wrapper.framework; includeInIndex = 0; path = Pods_Test_4_4UITests.framework; sourceTree = BUILT_PRODUCTS_DIR; };
		7D4FBEF90FE957690C6B5536 /* Pods-Test-4-4UITests.release.xcconfig */ = {isa = PBXFileReference; includeInIndex = 1; lastKnownFileType = text.xcconfig; name = "Pods-Test-4-4UITests.release.xcconfig"; path = "Target Support Files/Pods-Test-4-4UITests/Pods-Test-4-4UITests.release.xcconfig"; sourceTree = "<group>"; };
		7E5CE3AC5F93C61AEF25DE44 /* Pods-Test-4-4Tests.release.xcconfig */ = {isa = PBXFileReference; includeInIndex = 1; lastKnownFileType = text.xcconfig; name = "Pods-Test-4-4Tests.release.xcconfig"; path = "Target Support Files/Pods-Test-4-4Tests/Pods-Test-4-4Tests.release.xcconfig"; sourceTree = "<group>"; };
		86FA867723164ACF00C237B0 /* Test-4-4.app */ = {isa = PBXFileReference; explicitFileType = wrapper.application; includeInIndex = 0; path = "Test-4-4.app"; sourceTree = BUILT_PRODUCTS_DIR; };
		86FA867A23164ACF00C237B0 /* AppDelegate.swift */ = {isa = PBXFileReference; lastKnownFileType = sourcecode.swift; path = AppDelegate.swift; sourceTree = "<group>"; };
		86FA867C23164ACF00C237B0 /* ViewController.swift */ = {isa = PBXFileReference; lastKnownFileType = sourcecode.swift; path = ViewController.swift; sourceTree = "<group>"; };
		86FA867F23164ACF00C237B0 /* Base */ = {isa = PBXFileReference; lastKnownFileType = file.storyboard; name = Base; path = Base.lproj/Main.storyboard; sourceTree = "<group>"; };
		86FA868123164ACF00C237B0 /* Assets.xcassets */ = {isa = PBXFileReference; lastKnownFileType = folder.assetcatalog; path = Assets.xcassets; sourceTree = "<group>"; };
		86FA868423164ACF00C237B0 /* Base */ = {isa = PBXFileReference; lastKnownFileType = file.storyboard; name = Base; path = Base.lproj/LaunchScreen.storyboard; sourceTree = "<group>"; };
		86FA868623164ACF00C237B0 /* Info.plist */ = {isa = PBXFileReference; lastKnownFileType = text.plist.xml; path = Info.plist; sourceTree = "<group>"; };
		86FA868B23164ACF00C237B0 /* Test-4-4Tests.xctest */ = {isa = PBXFileReference; explicitFileType = wrapper.cfbundle; includeInIndex = 0; path = "Test-4-4Tests.xctest"; sourceTree = BUILT_PRODUCTS_DIR; };
		86FA868F23164AD000C237B0 /* Test_4_4Tests.swift */ = {isa = PBXFileReference; lastKnownFileType = sourcecode.swift; path = Test_4_4Tests.swift; sourceTree = "<group>"; };
		86FA869123164AD000C237B0 /* Info.plist */ = {isa = PBXFileReference; lastKnownFileType = text.plist.xml; path = Info.plist; sourceTree = "<group>"; };
		86FA869623164AD000C237B0 /* Test-4-4UITests.xctest */ = {isa = PBXFileReference; explicitFileType = wrapper.cfbundle; includeInIndex = 0; path = "Test-4-4UITests.xctest"; sourceTree = BUILT_PRODUCTS_DIR; };
		86FA869A23164AD000C237B0 /* Test_4_4UITests.swift */ = {isa = PBXFileReference; lastKnownFileType = sourcecode.swift; path = Test_4_4UITests.swift; sourceTree = "<group>"; };
		86FA869C23164AD000C237B0 /* Info.plist */ = {isa = PBXFileReference; lastKnownFileType = text.plist.xml; path = Info.plist; sourceTree = "<group>"; };
		86FA86A823164B1500C237B0 /* TopViewController.swift */ = {isa = PBXFileReference; lastKnownFileType = sourcecode.swift; path = TopViewController.swift; sourceTree = "<group>"; };
		86FA86A923164B1500C237B0 /* TopViewController.xib */ = {isa = PBXFileReference; lastKnownFileType = file.xib; path = TopViewController.xib; sourceTree = "<group>"; };
		86FA86AC23164B3000C237B0 /* TopMainView.swift */ = {isa = PBXFileReference; lastKnownFileType = sourcecode.swift; path = TopMainView.swift; sourceTree = "<group>"; };
		86FA86AD23164B3000C237B0 /* TopMainView.xib */ = {isa = PBXFileReference; lastKnownFileType = file.xib; path = TopMainView.xib; sourceTree = "<group>"; };
		86FA86B023164B7D00C237B0 /* TopMainTableViewCell.swift */ = {isa = PBXFileReference; lastKnownFileType = sourcecode.swift; path = TopMainTableViewCell.swift; sourceTree = "<group>"; };
		86FA86B123164B7D00C237B0 /* TopMainTableViewCell.xib */ = {isa = PBXFileReference; lastKnownFileType = file.xib; path = TopMainTableViewCell.xib; sourceTree = "<group>"; };
		9D7004F97343AC4091FD0AA7 /* Pods-Test-4-4UITests.debug.xcconfig */ = {isa = PBXFileReference; includeInIndex = 1; lastKnownFileType = text.xcconfig; name = "Pods-Test-4-4UITests.debug.xcconfig"; path = "Target Support Files/Pods-Test-4-4UITests/Pods-Test-4-4UITests.debug.xcconfig"; sourceTree = "<group>"; };
		A7BF2A066FB5B0481D3AB5EC /* Pods_Test_4_4Tests.framework */ = {isa = PBXFileReference; explicitFileType = wrapper.framework; includeInIndex = 0; path = Pods_Test_4_4Tests.framework; sourceTree = BUILT_PRODUCTS_DIR; };
		C8FF7E3A5B37DC0F333E387D /* Pods-Test-4-4.debug.xcconfig */ = {isa = PBXFileReference; includeInIndex = 1; lastKnownFileType = text.xcconfig; name = "Pods-Test-4-4.debug.xcconfig"; path = "Target Support Files/Pods-Test-4-4/Pods-Test-4-4.debug.xcconfig"; sourceTree = "<group>"; };
/* End PBXFileReference section */

/* Begin PBXFrameworksBuildPhase section */
		86FA867423164ACF00C237B0 /* Frameworks */ = {
			isa = PBXFrameworksBuildPhase;
			buildActionMask = 2147483647;
			files = (
				18940970151A96D093F6C80A /* Pods_Test_4_4.framework in Frameworks */,
			);
			runOnlyForDeploymentPostprocessing = 0;
		};
		86FA868823164ACF00C237B0 /* Frameworks */ = {
			isa = PBXFrameworksBuildPhase;
			buildActionMask = 2147483647;
			files = (
				C754F08DCF912A24D810190F /* Pods_Test_4_4Tests.framework in Frameworks */,
			);
			runOnlyForDeploymentPostprocessing = 0;
		};
		86FA869323164AD000C237B0 /* Frameworks */ = {
			isa = PBXFrameworksBuildPhase;
			buildActionMask = 2147483647;
			files = (
				F3F9155D2E9CE5C69FD83F44 /* Pods_Test_4_4UITests.framework in Frameworks */,
			);
			runOnlyForDeploymentPostprocessing = 0;
		};
/* End PBXFrameworksBuildPhase section */

/* Begin PBXGroup section */
		2E619472316E47F79E8A9C5F /* Pods */ = {
			isa = PBXGroup;
			children = (
				C8FF7E3A5B37DC0F333E387D /* Pods-Test-4-4.debug.xcconfig */,
				373515063D3990DF7EC8B0F3 /* Pods-Test-4-4.release.xcconfig */,
				62FD2A6F8AF8998D9CDC7246 /* Pods-Test-4-4Tests.debug.xcconfig */,
				7E5CE3AC5F93C61AEF25DE44 /* Pods-Test-4-4Tests.release.xcconfig */,
				9D7004F97343AC4091FD0AA7 /* Pods-Test-4-4UITests.debug.xcconfig */,
				7D4FBEF90FE957690C6B5536 /* Pods-Test-4-4UITests.release.xcconfig */,
			);
			path = Pods;
			sourceTree = "<group>";
		};
		86FA866E23164ACF00C237B0 = {
			isa = PBXGroup;
			children = (
				86FA867923164ACF00C237B0 /* Test-4-4 */,
				86FA868E23164ACF00C237B0 /* Test-4-4Tests */,
				86FA869923164AD000C237B0 /* Test-4-4UITests */,
				86FA867823164ACF00C237B0 /* Products */,
				2E619472316E47F79E8A9C5F /* Pods */,
				FA7D5B74F6ACD80318C2D096 /* Frameworks */,
			);
			sourceTree = "<group>";
		};
		86FA867823164ACF00C237B0 /* Products */ = {
			isa = PBXGroup;
			children = (
				86FA867723164ACF00C237B0 /* Test-4-4.app */,
				86FA868B23164ACF00C237B0 /* Test-4-4Tests.xctest */,
				86FA869623164AD000C237B0 /* Test-4-4UITests.xctest */,
			);
			name = Products;
			sourceTree = "<group>";
		};
		86FA867923164ACF00C237B0 /* Test-4-4 */ = {
			isa = PBXGroup;
			children = (
				86FA867A23164ACF00C237B0 /* AppDelegate.swift */,
				86FA867C23164ACF00C237B0 /* ViewController.swift */,
				86FA867E23164ACF00C237B0 /* Main.storyboard */,
				86FA868123164ACF00C237B0 /* Assets.xcassets */,
				86FA868323164ACF00C237B0 /* LaunchScreen.storyboard */,
				86FA868623164ACF00C237B0 /* Info.plist */,
				86FA86A823164B1500C237B0 /* TopViewController.swift */,
				86FA86A923164B1500C237B0 /* TopViewController.xib */,
				86FA86AC23164B3000C237B0 /* TopMainView.swift */,
				86FA86AD23164B3000C237B0 /* TopMainView.xib */,
				86FA86B023164B7D00C237B0 /* TopMainTableViewCell.swift */,
				86FA86B123164B7D00C237B0 /* TopMainTableViewCell.xib */,
			);
			path = "Test-4-4";
			sourceTree = "<group>";
		};
		86FA868E23164ACF00C237B0 /* Test-4-4Tests */ = {
			isa = PBXGroup;
			children = (
				86FA868F23164AD000C237B0 /* Test_4_4Tests.swift */,
				86FA869123164AD000C237B0 /* Info.plist */,
			);
			path = "Test-4-4Tests";
			sourceTree = "<group>";
		};
		86FA869923164AD000C237B0 /* Test-4-4UITests */ = {
			isa = PBXGroup;
			children = (
				86FA869A23164AD000C237B0 /* Test_4_4UITests.swift */,
				86FA869C23164AD000C237B0 /* Info.plist */,
			);
			path = "Test-4-4UITests";
			sourceTree = "<group>";
		};
		FA7D5B74F6ACD80318C2D096 /* Frameworks */ = {
			isa = PBXGroup;
			children = (
				1A2CD60942B2BDDF490128BB /* Pods_Test_4_4.framework */,
				A7BF2A066FB5B0481D3AB5EC /* Pods_Test_4_4Tests.framework */,
				76AC0F8BE2C0B22ECD8EE8D2 /* Pods_Test_4_4UITests.framework */,
			);
			name = Frameworks;
			sourceTree = "<group>";
		};
/* End PBXGroup section */

/* Begin PBXNativeTarget section */
		86FA867623164ACF00C237B0 /* Test-4-4 */ = {
			isa = PBXNativeTarget;
			buildConfigurationList = 86FA869F23164AD000C237B0 /* Build configuration list for PBXNativeTarget "Test-4-4" */;
			buildPhases = (
				D5A46CABB9A9A47D5F1A90C1 /* [CP] Check Pods Manifest.lock */,
				86FA867323164ACF00C237B0 /* Sources */,
				86FA867423164ACF00C237B0 /* Frameworks */,
				86FA867523164ACF00C237B0 /* Resources */,
				FBA8B985DE9F00C1039D3CF1 /* [CP] Embed Pods Frameworks */,
			);
			buildRules = (
			);
			dependencies = (
			);
			name = "Test-4-4";
			productName = "Test-4-4";
			productReference = 86FA867723164ACF00C237B0 /* Test-4-4.app */;
			productType = "com.apple.product-type.application";
		};
		86FA868A23164ACF00C237B0 /* Test-4-4Tests */ = {
			isa = PBXNativeTarget;
			buildConfigurationList = 86FA86A223164AD000C237B0 /* Build configuration list for PBXNativeTarget "Test-4-4Tests" */;
			buildPhases = (
				96E1935A13E7878BF05B84AB /* [CP] Check Pods Manifest.lock */,
				86FA868723164ACF00C237B0 /* Sources */,
				86FA868823164ACF00C237B0 /* Frameworks */,
				86FA868923164ACF00C237B0 /* Resources */,
			);
			buildRules = (
			);
			dependencies = (
				86FA868D23164ACF00C237B0 /* PBXTargetDependency */,
			);
			name = "Test-4-4Tests";
			productName = "Test-4-4Tests";
			productReference = 86FA868B23164ACF00C237B0 /* Test-4-4Tests.xctest */;
			productType = "com.apple.product-type.bundle.unit-test";
		};
		86FA869523164AD000C237B0 /* Test-4-4UITests */ = {
			isa = PBXNativeTarget;
			buildConfigurationList = 86FA86A523164AD000C237B0 /* Build configuration list for PBXNativeTarget "Test-4-4UITests" */;
			buildPhases = (
				60DABE8A2EDE11FBC730929D /* [CP] Check Pods Manifest.lock */,
				86FA869223164AD000C237B0 /* Sources */,
				86FA869323164AD000C237B0 /* Frameworks */,
				86FA869423164AD000C237B0 /* Resources */,
			);
			buildRules = (
			);
			dependencies = (
				86FA869823164AD000C237B0 /* PBXTargetDependency */,
			);
			name = "Test-4-4UITests";
			productName = "Test-4-4UITests";
			productReference = 86FA869623164AD000C237B0 /* Test-4-4UITests.xctest */;
			productType = "com.apple.product-type.bundle.ui-testing";
		};
/* End PBXNativeTarget section */

/* Begin PBXProject section */
		86FA866F23164ACF00C237B0 /* Project object */ = {
			isa = PBXProject;
			attributes = {
				LastSwiftUpdateCheck = 1030;
				LastUpgradeCheck = 1030;
				ORGANIZATIONNAME = "多可楽";
				TargetAttributes = {
					86FA867623164ACF00C237B0 = {
						CreatedOnToolsVersion = 10.3;
					};
					86FA868A23164ACF00C237B0 = {
						CreatedOnToolsVersion = 10.3;
						TestTargetID = 86FA867623164ACF00C237B0;
					};
					86FA869523164AD000C237B0 = {
						CreatedOnToolsVersion = 10.3;
						TestTargetID = 86FA867623164ACF00C237B0;
					};
				};
			};
			buildConfigurationList = 86FA867223164ACF00C237B0 /* Build configuration list for PBXProject "Test-4-4" */;
			compatibilityVersion = "Xcode 9.3";
			developmentRegion = en;
			hasScannedForEncodings = 0;
			knownRegions = (
				en,
				Base,
			);
			mainGroup = 86FA866E23164ACF00C237B0;
			productRefGroup = 86FA867823164ACF00C237B0 /* Products */;
			projectDirPath = "";
			projectRoot = "";
			targets = (
				86FA867623164ACF00C237B0 /* Test-4-4 */,
				86FA868A23164ACF00C237B0 /* Test-4-4Tests */,
				86FA869523164AD000C237B0 /* Test-4-4UITests */,
			);
		};
/* End PBXProject section */

/* Begin PBXResourcesBuildPhase section */
		86FA867523164ACF00C237B0 /* Resources */ = {
			isa = PBXResourcesBuildPhase;
			buildActionMask = 2147483647;
			files = (
				86FA86AF23164B3000C237B0 /* TopMainView.xib in Resources */,
				86FA86AB23164B1500C237B0 /* TopViewController.xib in Resources */,
				86FA868523164ACF00C237B0 /* LaunchScreen.storyboard in Resources */,
				86FA868223164ACF00C237B0 /* Assets.xcassets in Resources */,
				86FA86B323164B7D00C237B0 /* TopMainTableViewCell.xib in Resources */,
				86FA868023164ACF00C237B0 /* Main.storyboard in Resources */,
			);
			runOnlyForDeploymentPostprocessing = 0;
		};
		86FA868923164ACF00C237B0 /* Resources */ = {
			isa = PBXResourcesBuildPhase;
			buildActionMask = 2147483647;
			files = (
			);
			runOnlyForDeploymentPostprocessing = 0;
		};
		86FA869423164AD000C237B0 /* Resources */ = {
			isa = PBXResourcesBuildPhase;
			buildActionMask = 2147483647;
			files = (
			);
			runOnlyForDeploymentPostprocessing = 0;
		};
/* End PBXResourcesBuildPhase section */

/* Begin PBXShellScriptBuildPhase section */
		60DABE8A2EDE11FBC730929D /* [CP] Check Pods Manifest.lock */ = {
			isa = PBXShellScriptBuildPhase;
			buildActionMask = 2147483647;
			files = (
			);
			inputFileListPaths = (
			);
			inputPaths = (
				"${PODS_PODFILE_DIR_PATH}/Podfile.lock",
				"${PODS_ROOT}/Manifest.lock",
			);
			name = "[CP] Check Pods Manifest.lock";
			outputFileListPaths = (
			);
			outputPaths = (
				"$(DERIVED_FILE_DIR)/Pods-Test-4-4UITests-checkManifestLockResult.txt",
			);
			runOnlyForDeploymentPostprocessing = 0;
			shellPath = /bin/sh;
			shellScript = "diff \"${PODS_PODFILE_DIR_PATH}/Podfile.lock\" \"${PODS_ROOT}/Manifest.lock\" > /dev/null\nif [ $? != 0 ] ; then\n    # print error to STDERR\n    echo \"error: The sandbox is not in sync with the Podfile.lock. Run 'pod install' or update your CocoaPods installation.\" >&2\n    exit 1\nfi\n# This output is used by Xcode 'outputs' to avoid re-running this script phase.\necho \"SUCCESS\" > \"${SCRIPT_OUTPUT_FILE_0}\"\n";
			showEnvVarsInLog = 0;
		};
		96E1935A13E7878BF05B84AB /* [CP] Check Pods Manifest.lock */ = {
			isa = PBXShellScriptBuildPhase;
			buildActionMask = 2147483647;
			files = (
			);
			inputFileListPaths = (
			);
			inputPaths = (
				"${PODS_PODFILE_DIR_PATH}/Podfile.lock",
				"${PODS_ROOT}/Manifest.lock",
			);
			name = "[CP] Check Pods Manifest.lock";
			outputFileListPaths = (
			);
			outputPaths = (
				"$(DERIVED_FILE_DIR)/Pods-Test-4-4Tests-checkManifestLockResult.txt",
			);
			runOnlyForDeploymentPostprocessing = 0;
			shellPath = /bin/sh;
			shellScript = "diff \"${PODS_PODFILE_DIR_PATH}/Podfile.lock\" \"${PODS_ROOT}/Manifest.lock\" > /dev/null\nif [ $? != 0 ] ; then\n    # print error to STDERR\n    echo \"error: The sandbox is not in sync with the Podfile.lock. Run 'pod install' or update your CocoaPods installation.\" >&2\n    exit 1\nfi\n# This output is used by Xcode 'outputs' to avoid re-running this script phase.\necho \"SUCCESS\" > \"${SCRIPT_OUTPUT_FILE_0}\"\n";
			showEnvVarsInLog = 0;
		};
		D5A46CABB9A9A47D5F1A90C1 /* [CP] Check Pods Manifest.lock */ = {
			isa = PBXShellScriptBuildPhase;
			buildActionMask = 2147483647;
			files = (
			);
			inputFileListPaths = (
			);
			inputPaths = (
				"${PODS_PODFILE_DIR_PATH}/Podfile.lock",
				"${PODS_ROOT}/Manifest.lock",
			);
			name = "[CP] Check Pods Manifest.lock";
			outputFileListPaths = (
			);
			outputPaths = (
				"$(DERIVED_FILE_DIR)/Pods-Test-4-4-checkManifestLockResult.txt",
			);
			runOnlyForDeploymentPostprocessing = 0;
			shellPath = /bin/sh;
			shellScript = "diff \"${PODS_PODFILE_DIR_PATH}/Podfile.lock\" \"${PODS_ROOT}/Manifest.lock\" > /dev/null\nif [ $? != 0 ] ; then\n    # print error to STDERR\n    echo \"error: The sandbox is not in sync with the Podfile.lock. Run 'pod install' or update your CocoaPods installation.\" >&2\n    exit 1\nfi\n# This output is used by Xcode 'outputs' to avoid re-running this script phase.\necho \"SUCCESS\" > \"${SCRIPT_OUTPUT_FILE_0}\"\n";
			showEnvVarsInLog = 0;
		};
		FBA8B985DE9F00C1039D3CF1 /* [CP] Embed Pods Frameworks */ = {
			isa = PBXShellScriptBuildPhase;
			buildActionMask = 2147483647;
			files = (
			);
			inputFileListPaths = (
				"${PODS_ROOT}/Target Support Files/Pods-Test-4-4/Pods-Test-4-4-frameworks-${CONFIGURATION}-input-files.xcfilelist",
			);
			name = "[CP] Embed Pods Frameworks";
			outputFileListPaths = (
				"${PODS_ROOT}/Target Support Files/Pods-Test-4-4/Pods-Test-4-4-frameworks-${CONFIGURATION}-output-files.xcfilelist",
			);
			runOnlyForDeploymentPostprocessing = 0;
			shellPath = /bin/sh;
			shellScript = "\"${PODS_ROOT}/Target Support Files/Pods-Test-4-4/Pods-Test-4-4-frameworks.sh\"\n";
			showEnvVarsInLog = 0;
		};
/* End PBXShellScriptBuildPhase section */

/* Begin PBXSourcesBuildPhase section */
		86FA867323164ACF00C237B0 /* Sources */ = {
			isa = PBXSourcesBuildPhase;
			buildActionMask = 2147483647;
			files = (
				86FA86B223164B7D00C237B0 /* TopMainTableViewCell.swift in Sources */,
				86FA86AA23164B1500C237B0 /* TopViewController.swift in Sources */,
				86FA867D23164ACF00C237B0 /* ViewController.swift in Sources */,
				86FA867B23164ACF00C237B0 /* AppDelegate.swift in Sources */,
				86FA86AE23164B3000C237B0 /* TopMainView.swift in Sources */,
			);
			runOnlyForDeploymentPostprocessing = 0;
		};
		86FA868723164ACF00C237B0 /* Sources */ = {
			isa = PBXSourcesBuildPhase;
			buildActionMask = 2147483647;
			files = (
				86FA869023164AD000C237B0 /* Test_4_4Tests.swift in Sources */,
			);
			runOnlyForDeploymentPostprocessing = 0;
		};
		86FA869223164AD000C237B0 /* Sources */ = {
			isa = PBXSourcesBuildPhase;
			buildActionMask = 2147483647;
			files = (
				86FA869B23164AD000C237B0 /* Test_4_4UITests.swift in Sources */,
			);
			runOnlyForDeploymentPostprocessing = 0;
		};
/* End PBXSourcesBuildPhase section */

/* Begin PBXTargetDependency section */
		86FA868D23164ACF00C237B0 /* PBXTargetDependency */ = {
			isa = PBXTargetDependency;
			target = 86FA867623164ACF00C237B0 /* Test-4-4 */;
			targetProxy = 86FA868C23164ACF00C237B0 /* PBXContainerItemProxy */;
		};
		86FA869823164AD000C237B0 /* PBXTargetDependency */ = {
			isa = PBXTargetDependency;
			target = 86FA867623164ACF00C237B0 /* Test-4-4 */;
			targetProxy = 86FA869723164AD000C237B0 /* PBXContainerItemProxy */;
		};
/* End PBXTargetDependency section */

/* Begin PBXVariantGroup section */
		86FA867E23164ACF00C237B0 /* Main.storyboard */ = {
			isa = PBXVariantGroup;
			children = (
				86FA867F23164ACF00C237B0 /* Base */,
			);
			name = Main.storyboard;
			sourceTree = "<group>";
		};
		86FA868323164ACF00C237B0 /* LaunchScreen.storyboard */ = {
			isa = PBXVariantGroup;
			children = (
				86FA868423164ACF00C237B0 /* Base */,
			);
			name = LaunchScreen.storyboard;
			sourceTree = "<group>";
		};
/* End PBXVariantGroup section */

/* Begin XCBuildConfiguration section */
		86FA869D23164AD000C237B0 /* Debug */ = {
			isa = XCBuildConfiguration;
			buildSettings = {
				ALWAYS_SEARCH_USER_PATHS = NO;
				CLANG_ANALYZER_NONNULL = YES;
				CLANG_ANALYZER_NUMBER_OBJECT_CONVERSION = YES_AGGRESSIVE;
				CLANG_CXX_LANGUAGE_STANDARD = "gnu++14";
				CLANG_CXX_LIBRARY = "libc++";
				CLANG_ENABLE_MODULES = YES;
				CLANG_ENABLE_OBJC_ARC = YES;
				CLANG_ENABLE_OBJC_WEAK = YES;
				CLANG_WARN_BLOCK_CAPTURE_AUTORELEASING = YES;
				CLANG_WARN_BOOL_CONVERSION = YES;
				CLANG_WARN_COMMA = YES;
				CLANG_WARN_CONSTANT_CONVERSION = YES;
				CLANG_WARN_DEPRECATED_OBJC_IMPLEMENTATIONS = YES;
				CLANG_WARN_DIRECT_OBJC_ISA_USAGE = YES_ERROR;
				CLANG_WARN_DOCUMENTATION_COMMENTS = YES;
				CLANG_WARN_EMPTY_BODY = YES;
				CLANG_WARN_ENUM_CONVERSION = YES;
				CLANG_WARN_INFINITE_RECURSION = YES;
				CLANG_WARN_INT_CONVERSION = YES;
				CLANG_WARN_NON_LITERAL_NULL_CONVERSION = YES;
				CLANG_WARN_OBJC_IMPLICIT_RETAIN_SELF = YES;
				CLANG_WARN_OBJC_LITERAL_CONVERSION = YES;
				CLANG_WARN_OBJC_ROOT_CLASS = YES_ERROR;
				CLANG_WARN_RANGE_LOOP_ANALYSIS = YES;
				CLANG_WARN_STRICT_PROTOTYPES = YES;
				CLANG_WARN_SUSPICIOUS_MOVE = YES;
				CLANG_WARN_UNGUARDED_AVAILABILITY = YES_AGGRESSIVE;
				CLANG_WARN_UNREACHABLE_CODE = YES;
				CLANG_WARN__DUPLICATE_METHOD_MATCH = YES;
				CODE_SIGN_IDENTITY = "iPhone Developer";
				COPY_PHASE_STRIP = NO;
				DEBUG_INFORMATION_FORMAT = dwarf;
				ENABLE_STRICT_OBJC_MSGSEND = YES;
				ENABLE_TESTABILITY = YES;
				GCC_C_LANGUAGE_STANDARD = gnu11;
				GCC_DYNAMIC_NO_PIC = NO;
				GCC_NO_COMMON_BLOCKS = YES;
				GCC_OPTIMIZATION_LEVEL = 0;
				GCC_PREPROCESSOR_DEFINITIONS = (
					"DEBUG=1",
					"$(inherited)",
				);
				GCC_WARN_64_TO_32_BIT_CONVERSION = YES;
				GCC_WARN_ABOUT_RETURN_TYPE = YES_ERROR;
				GCC_WARN_UNDECLARED_SELECTOR = YES;
				GCC_WARN_UNINITIALIZED_AUTOS = YES_AGGRESSIVE;
				GCC_WARN_UNUSED_FUNCTION = YES;
				GCC_WARN_UNUSED_VARIABLE = YES;
				IPHONEOS_DEPLOYMENT_TARGET = 12.4;
				MTL_ENABLE_DEBUG_INFO = INCLUDE_SOURCE;
				MTL_FAST_MATH = YES;
				ONLY_ACTIVE_ARCH = YES;
				SDKROOT = iphoneos;
				SWIFT_ACTIVE_COMPILATION_CONDITIONS = DEBUG;
				SWIFT_OPTIMIZATION_LEVEL = "-Onone";
			};
			name = Debug;
		};
		86FA869E23164AD000C237B0 /* Release */ = {
			isa = XCBuildConfiguration;
			buildSettings = {
				ALWAYS_SEARCH_USER_PATHS = NO;
				CLANG_ANALYZER_NONNULL = YES;
				CLANG_ANALYZER_NUMBER_OBJECT_CONVERSION = YES_AGGRESSIVE;
				CLANG_CXX_LANGUAGE_STANDARD = "gnu++14";
				CLANG_CXX_LIBRARY = "libc++";
				CLANG_ENABLE_MODULES = YES;
				CLANG_ENABLE_OBJC_ARC = YES;
				CLANG_ENABLE_OBJC_WEAK = YES;
				CLANG_WARN_BLOCK_CAPTURE_AUTORELEASING = YES;
				CLANG_WARN_BOOL_CONVERSION = YES;
				CLANG_WARN_COMMA = YES;
				CLANG_WARN_CONSTANT_CONVERSION = YES;
				CLANG_WARN_DEPRECATED_OBJC_IMPLEMENTATIONS = YES;
				CLANG_WARN_DIRECT_OBJC_ISA_USAGE = YES_ERROR;
				CLANG_WARN_DOCUMENTATION_COMMENTS = YES;
				CLANG_WARN_EMPTY_BODY = YES;
				CLANG_WARN_ENUM_CONVERSION = YES;
				CLANG_WARN_INFINITE_RECURSION = YES;
				CLANG_WARN_INT_CONVERSION = YES;
				CLANG_WARN_NON_LITERAL_NULL_CONVERSION = YES;
				CLANG_WARN_OBJC_IMPLICIT_RETAIN_SELF = YES;
				CLANG_WARN_OBJC_LITERAL_CONVERSION = YES;
				CLANG_WARN_OBJC_ROOT_CLASS = YES_ERROR;
				CLANG_WARN_RANGE_LOOP_ANALYSIS = YES;
				CLANG_WARN_STRICT_PROTOTYPES = YES;
				CLANG_WARN_SUSPICIOUS_MOVE = YES;
				CLANG_WARN_UNGUARDED_AVAILABILITY = YES_AGGRESSIVE;
				CLANG_WARN_UNREACHABLE_CODE = YES;
				CLANG_WARN__DUPLICATE_METHOD_MATCH = YES;
				CODE_SIGN_IDENTITY = "iPhone Developer";
				COPY_PHASE_STRIP = NO;
				DEBUG_INFORMATION_FORMAT = "dwarf-with-dsym";
				ENABLE_NS_ASSERTIONS = NO;
				ENABLE_STRICT_OBJC_MSGSEND = YES;
				GCC_C_LANGUAGE_STANDARD = gnu11;
				GCC_NO_COMMON_BLOCKS = YES;
				GCC_WARN_64_TO_32_BIT_CONVERSION = YES;
				GCC_WARN_ABOUT_RETURN_TYPE = YES_ERROR;
				GCC_WARN_UNDECLARED_SELECTOR = YES;
				GCC_WARN_UNINITIALIZED_AUTOS = YES_AGGRESSIVE;
				GCC_WARN_UNUSED_FUNCTION = YES;
				GCC_WARN_UNUSED_VARIABLE = YES;
				IPHONEOS_DEPLOYMENT_TARGET = 12.4;
				MTL_ENABLE_DEBUG_INFO = NO;
				MTL_FAST_MATH = YES;
				SDKROOT = iphoneos;
				SWIFT_COMPILATION_MODE = wholemodule;
				SWIFT_OPTIMIZATION_LEVEL = "-O";
				VALIDATE_PRODUCT = YES;
			};
			name = Release;
		};
		86FA86A023164AD000C237B0 /* Debug */ = {
			isa = XCBuildConfiguration;
			baseConfigurationReference = C8FF7E3A5B37DC0F333E387D /* Pods-Test-4-4.debug.xcconfig */;
			buildSettings = {
				ASSETCATALOG_COMPILER_APPICON_NAME = AppIcon;
				CODE_SIGN_STYLE = Automatic;
				INFOPLIST_FILE = "Test-4-4/Info.plist";
				LD_RUNPATH_SEARCH_PATHS = (
					"$(inherited)",
					"@executable_path/Frameworks",
				);
				PRODUCT_BUNDLE_IDENTIFIER = "aaaa.Test-4-4";
				PRODUCT_NAME = "$(TARGET_NAME)";
				SWIFT_VERSION = 5.0;
				TARGETED_DEVICE_FAMILY = "1,2";
			};
			name = Debug;
		};
		86FA86A123164AD000C237B0 /* Release */ = {
			isa = XCBuildConfiguration;
			baseConfigurationReference = 373515063D3990DF7EC8B0F3 /* Pods-Test-4-4.release.xcconfig */;
			buildSettings = {
				ASSETCATALOG_COMPILER_APPICON_NAME = AppIcon;
				CODE_SIGN_STYLE = Automatic;
				INFOPLIST_FILE = "Test-4-4/Info.plist";
				LD_RUNPATH_SEARCH_PATHS = (
					"$(inherited)",
					"@executable_path/Frameworks",
				);
				PRODUCT_BUNDLE_IDENTIFIER = "aaaa.Test-4-4";
				PRODUCT_NAME = "$(TARGET_NAME)";
				SWIFT_VERSION = 5.0;
				TARGETED_DEVICE_FAMILY = "1,2";
			};
			name = Release;
		};
		86FA86A323164AD000C237B0 /* Debug */ = {
			isa = XCBuildConfiguration;
			baseConfigurationReference = 62FD2A6F8AF8998D9CDC7246 /* Pods-Test-4-4Tests.debug.xcconfig */;
			buildSettings = {
				ALWAYS_EMBED_SWIFT_STANDARD_LIBRARIES = YES;
				BUNDLE_LOADER = "$(TEST_HOST)";
				CODE_SIGN_STYLE = Automatic;
				INFOPLIST_FILE = "Test-4-4Tests/Info.plist";
				LD_RUNPATH_SEARCH_PATHS = (
					"$(inherited)",
					"@executable_path/Frameworks",
					"@loader_path/Frameworks",
				);
				PRODUCT_BUNDLE_IDENTIFIER = "aaaa.Test-4-4Tests";
				PRODUCT_NAME = "$(TARGET_NAME)";
				SWIFT_VERSION = 5.0;
				TARGETED_DEVICE_FAMILY = "1,2";
				TEST_HOST = "$(BUILT_PRODUCTS_DIR)/Test-4-4.app/Test-4-4";
			};
			name = Debug;
		};
		86FA86A423164AD000C237B0 /* Release */ = {
			isa = XCBuildConfiguration;
			baseConfigurationReference = 7E5CE3AC5F93C61AEF25DE44 /* Pods-Test-4-4Tests.release.xcconfig */;
			buildSettings = {
				ALWAYS_EMBED_SWIFT_STANDARD_LIBRARIES = YES;
				BUNDLE_LOADER = "$(TEST_HOST)";
				CODE_SIGN_STYLE = Automatic;
				INFOPLIST_FILE = "Test-4-4Tests/Info.plist";
				LD_RUNPATH_SEARCH_PATHS = (
					"$(inherited)",
					"@executable_path/Frameworks",
					"@loader_path/Frameworks",
				);
				PRODUCT_BUNDLE_IDENTIFIER = "aaaa.Test-4-4Tests";
				PRODUCT_NAME = "$(TARGET_NAME)";
				SWIFT_VERSION = 5.0;
				TARGETED_DEVICE_FAMILY = "1,2";
				TEST_HOST = "$(BUILT_PRODUCTS_DIR)/Test-4-4.app/Test-4-4";
			};
			name = Release;
		};
		86FA86A623164AD000C237B0 /* Debug */ = {
			isa = XCBuildConfiguration;
			baseConfigurationReference = 9D7004F97343AC4091FD0AA7 /* Pods-Test-4-4UITests.debug.xcconfig */;
			buildSettings = {
				ALWAYS_EMBED_SWIFT_STANDARD_LIBRARIES = YES;
				CODE_SIGN_STYLE = Automatic;
				INFOPLIST_FILE = "Test-4-4UITests/Info.plist";
				LD_RUNPATH_SEARCH_PATHS = (
					"$(inherited)",
					"@executable_path/Frameworks",
					"@loader_path/Frameworks",
				);
				PRODUCT_BUNDLE_IDENTIFIER = "aaaa.Test-4-4UITests";
				PRODUCT_NAME = "$(TARGET_NAME)";
				SWIFT_VERSION = 5.0;
				TARGETED_DEVICE_FAMILY = "1,2";
				TEST_TARGET_NAME = "Test-4-4";
			};
			name = Debug;
		};
		86FA86A723164AD000C237B0 /* Release */ = {
			isa = XCBuildConfiguration;
			baseConfigurationReference = 7D4FBEF90FE957690C6B5536 /* Pods-Test-4-4UITests.release.xcconfig */;
			buildSettings = {
				ALWAYS_EMBED_SWIFT_STANDARD_LIBRARIES = YES;
				CODE_SIGN_STYLE = Automatic;
				INFOPLIST_FILE = "Test-4-4UITests/Info.plist";
				LD_RUNPATH_SEARCH_PATHS = (
					"$(inherited)",
					"@executable_path/Frameworks",
					"@loader_path/Frameworks",
				);
				PRODUCT_BUNDLE_IDENTIFIER = "aaaa.Test-4-4UITests";
				PRODUCT_NAME = "$(TARGET_NAME)";
				SWIFT_VERSION = 5.0;
				TARGETED_DEVICE_FAMILY = "1,2";
				TEST_TARGET_NAME = "Test-4-4";
			};
			name = Release;
		};
/* End XCBuildConfiguration section */

/* Begin XCConfigurationList section */
		86FA867223164ACF00C237B0 /* Build configuration list for PBXProject "Test-4-4" */ = {
			isa = XCConfigurationList;
			buildConfigurations = (
				86FA869D23164AD000C237B0 /* Debug */,
				86FA869E23164AD000C237B0 /* Release */,
			);
			defaultConfigurationIsVisible = 0;
			defaultConfigurationName = Release;
		};
		86FA869F23164AD000C237B0 /* Build configuration list for PBXNativeTarget "Test-4-4" */ = {
			isa = XCConfigurationList;
			buildConfigurations = (
				86FA86A023164AD000C237B0 /* Debug */,
				86FA86A123164AD000C237B0 /* Release */,
			);
			defaultConfigurationIsVisible = 0;
			defaultConfigurationName = Release;
		};
		86FA86A223164AD000C237B0 /* Build configuration list for PBXNativeTarget "Test-4-4Tests" */ = {
			isa = XCConfigurationList;
			buildConfigurations = (
				86FA86A323164AD000C237B0 /* Debug */,
				86FA86A423164AD000C237B0 /* Release */,
			);
			defaultConfigurationIsVisible = 0;
			defaultConfigurationName = Release;
		};
		86FA86A523164AD000C237B0 /* Build configuration list for PBXNativeTarget "Test-4-4UITests" */ = {
			isa = XCConfigurationList;
			buildConfigurations = (
				86FA86A623164AD000C237B0 /* Debug */,
				86FA86A723164AD000C237B0 /* Release */,
			);
			defaultConfigurationIsVisible = 0;
			defaultConfigurationName = Release;
		};
/* End XCConfigurationList section */
	};
	rootObject = 86FA866F23164ACF00C237B0 /* Project object */;
}
